
Microsoft Visual Studio Solution File, Format Version 12.00
# Visual Studio Version 16
VisualStudioVersion = 16.0.30907.101
MinimumVisualStudioVersion = 10.0.40219.1
Project("{FAE04EC0-301F-11D3-BF4B-00C04F79EFBC}") = "PreceptTraitEnforcerImproved", "PreceptTraitEnforcerImproved.csproj", "{159DBEA7-66EF-43F7-8D2C-B4C5E76B93E4}"
EndProject
Global
	GlobalSection(SolutionConfigurationPlatforms) = preSolution
		Debug|Any CPU = Debug|Any CPU
		Release|Any CPU = Release|Any CPU
	EndGlobalSection
	GlobalSection(ProjectConfigurationPlatforms) = postSolution
		{159DBEA7-66EF-43F7-8D2C-B4C5E76B93E4}.Debug|Any CPU.ActiveCfg = Debug|Any CPU
		{159DBEA7-66EF-43F7-8D2C-B4C5E76B93E4}.Debug|Any CPU.Build.0 = Debug|Any CPU
		{159DBEA7-66EF-43F7-8D2C-B4C5E76B93E4}.Release|Any CPU.ActiveCfg = Release|Any CPU
		{159DBEA7-66EF-43F7-8D2C-B4C5E76B93E4}.Release|Any CPU.Build.0 = Release|Any CPU
	EndGlobalSection
	GlobalSection(SolutionProperties) = preSolution
		HideSolutionNode = FALSE
	EndGlobalSection
	GlobalSection(ExtensibilityGlobals) = postSolution
		SolutionGuid = {631B1993-7919-4189-B254-ADD61E135A49}
	EndGlobalSection
EndGlobal
